{
  "name": "credit_card-1lvl",
  "lockfileVersion": 3,
  "requires": true,
  "packages": {
    "": {
      "name": "credit_card-1lvl",
      "dependencies": {
        "credit-card-input-mask": "^3.0.0",
        "creditcardutils": "^1.0.0",
        "redom": "^3.29.1"
      }
    },
    "node_modules/@braintree/browser-detection": {
      "version": "1.17.1",
      "resolved": "https://registry.npmjs.org/@braintree/browser-detection/-/browser-detection-1.17.1.tgz",
      "integrity": "sha512-Mk7jauyp9pD14BTRS7otoy9dqIJGb3Oy0XtxKM/adGD9i9MAuCjH5uRZMyW2iVmJQTaA/PLlWdG7eSDyMWMc8Q=="
    },
    "node_modules/credit-card-input-mask": {
      "version": "3.0.0",
      "resolved": "https://registry.npmjs.org/credit-card-input-mask/-/credit-card-input-mask-3.0.0.tgz",
      "integrity": "sha512-lkXbGVkLy9Q/S8aw8f1i1VQNrJSKoLdVllrWPhb/do8gQtJkwG1vI6C5MIUtWlCYEZgiMXynVscV6qAdcZIsdA==",
      "dependencies": {
        "@braintree/browser-detection": "^1.11.1"
      }
    },
    "node_modules/creditcardutils": {
      "version": "1.0.0",
      "resolved": "https://registry.npmjs.org/creditcardutils/-/creditcardutils-1.0.0.tgz",
      "integrity": "sha512-5p2ldq1YH7loTXwuV6ZGiDejnSQfqOxGVGAffqrFoQcc+FP46eLeG8nEzQkgew18hxcW60ju2SrGmSPRiiCNdw=="
    },
    "node_modules/redom": {
      "version": "3.29.1",
      "resolved": "https://registry.npmjs.org/redom/-/redom-3.29.1.tgz",
      "integrity": "sha512-hEQEcPGRj4W2UT4IIBsNw29zMNV6vtXQ8ttitQ+Uc5XpdQ7i8d5VgKfm6fPmYbbApKXa98dUoEzDgk1oqXVlMg==",
      "funding": {
        "type": "opencollective",
        "url": "https://opencollective.com/redom"
      }
    }
  }
}
